
Microsoft Visual Studio Solution File, Format Version 12.00
# Visual Studio 15
VisualStudioVersion = 15.0.27130.2010
MinimumVisualStudioVersion = 10.0.40219.1
Project("{FAE04EC0-301F-11D3-BF4B-00C04F79EFBC}") = "HelloWorld", "HelloWorld\HelloWorld.csproj", "{9C9D5C42-DA4C-4CE1-AFDE-F21B640290CD}"
EndProject
Global
	GlobalSection(SolutionConfigurationPlatforms) = preSolution
		Debug|Any CPU = Debug|Any CPU
		Release|Any CPU = Release|Any CPU
	EndGlobalSection
	GlobalSection(ProjectConfigurationPlatforms) = postSolution
		{9C9D5C42-DA4C-4CE1-AFDE-F21B640290CD}.Debug|Any CPU.ActiveCfg = Debug|Any CPU
		{9C9D5C42-DA4C-4CE1-AFDE-F21B640290CD}.Debug|Any CPU.Build.0 = Debug|Any CPU
		{9C9D5C42-DA4C-4CE1-AFDE-F21B640290CD}.Debug|Any CPU.Deploy.0 = Debug|Any CPU
		{9C9D5C42-DA4C-4CE1-AFDE-F21B640290CD}.Release|Any CPU.ActiveCfg = Release|Any CPU
		{9C9D5C42-DA4C-4CE1-AFDE-F21B640290CD}.Release|Any CPU.Build.0 = Release|Any CPU
		{9C9D5C42-DA4C-4CE1-AFDE-F21B640290CD}.Release|Any CPU.Deploy.0 = Release|Any CPU
	EndGlobalSection
	GlobalSection(SolutionProperties) = preSolution
		HideSolutionNode = FALSE
	EndGlobalSection
	GlobalSection(ExtensibilityGlobals) = postSolution
		SolutionGuid = {AA59DA15-C2B3-4B2C-80AC-92772060C3BC}
	EndGlobalSection
EndGlobal
